
Microsoft Visual Studio Solution File, Format Version 12.00
# Visual Studio Version 17
VisualStudioVersion = 17.7.34024.191
MinimumVisualStudioVersion = 10.0.40219.1
Project("{FAE04EC0-301F-11D3-BF4B-00C04F79EFBC}") = "SolutionJson", "SolutionJson\SolutionJson.csproj", "{9F7F0AAF-B810-4966-8AF4-E9AA5C561941}"
EndProject
Project("{FAE04EC0-301F-11D3-BF4B-00C04F79EFBC}") = "JsonLibrary", "JsonLibrary\JsonLibrary.csproj", "{BBFC7035-4D66-457B-8D3E-93F8397567A1}"
EndProject
Global
	GlobalSection(SolutionConfigurationPlatforms) = preSolution
		Debug|Any CPU = Debug|Any CPU
		Release|Any CPU = Release|Any CPU
	EndGlobalSection
	GlobalSection(ProjectConfigurationPlatforms) = postSolution
		{9F7F0AAF-B810-4966-8AF4-E9AA5C561941}.Debug|Any CPU.ActiveCfg = Debug|Any CPU
		{9F7F0AAF-B810-4966-8AF4-E9AA5C561941}.Debug|Any CPU.Build.0 = Debug|Any CPU
		{9F7F0AAF-B810-4966-8AF4-E9AA5C561941}.Release|Any CPU.ActiveCfg = Release|Any CPU
		{9F7F0AAF-B810-4966-8AF4-E9AA5C561941}.Release|Any CPU.Build.0 = Release|Any CPU
		{BBFC7035-4D66-457B-8D3E-93F8397567A1}.Debug|Any CPU.ActiveCfg = Debug|Any CPU
		{BBFC7035-4D66-457B-8D3E-93F8397567A1}.Debug|Any CPU.Build.0 = Debug|Any CPU
		{BBFC7035-4D66-457B-8D3E-93F8397567A1}.Release|Any CPU.ActiveCfg = Release|Any CPU
		{BBFC7035-4D66-457B-8D3E-93F8397567A1}.Release|Any CPU.Build.0 = Release|Any CPU
	EndGlobalSection
	GlobalSection(SolutionProperties) = preSolution
		HideSolutionNode = FALSE
	EndGlobalSection
	GlobalSection(ExtensibilityGlobals) = postSolution
		SolutionGuid = {8697864F-A6BA-468C-9AAD-2F5A6C85964B}
	EndGlobalSection
EndGlobal
